
Microsoft Visual Studio Solution File, Format Version 12.00
# Visual Studio Version 16
VisualStudioVersion = 16.0.30320.27
MinimumVisualStudioVersion = 10.0.40219.1
Project("{FAE04EC0-301F-11D3-BF4B-00C04F79EFBC}") = "ProjectUGC", "ProjectUGC\ProjectUGC.csproj", "{ED38D97D-2E43-4832-91E1-B0B9618B762E}"
EndProject
Global
	GlobalSection(SolutionConfigurationPlatforms) = preSolution
		Debug|Any CPU = Debug|Any CPU
		Release|Any CPU = Release|Any CPU
	EndGlobalSection
	GlobalSection(ProjectConfigurationPlatforms) = postSolution
		{ED38D97D-2E43-4832-91E1-B0B9618B762E}.Debug|Any CPU.ActiveCfg = Debug|Any CPU
		{ED38D97D-2E43-4832-91E1-B0B9618B762E}.Debug|Any CPU.Build.0 = Debug|Any CPU
		{ED38D97D-2E43-4832-91E1-B0B9618B762E}.Release|Any CPU.ActiveCfg = Release|Any CPU
		{ED38D97D-2E43-4832-91E1-B0B9618B762E}.Release|Any CPU.Build.0 = Release|Any CPU
	EndGlobalSection
	GlobalSection(SolutionProperties) = preSolution
		HideSolutionNode = FALSE
	EndGlobalSection
	GlobalSection(ExtensibilityGlobals) = postSolution
		SolutionGuid = {03B8AECE-F749-4819-8B2E-10FC03200D49}
	EndGlobalSection
EndGlobal
